
Microsoft Visual Studio Solution File, Format Version 12.00
# Visual Studio Version 17
VisualStudioVersion = 17.7.34031.279
MinimumVisualStudioVersion = 10.0.40219.1
Project("{8BC9CEB8-8B4A-11D0-8D11-00A0C91BC942}") = "lab_8.1(rec)", "lab_8.1(rec)\lab_8.1(rec).vcxproj", "{1ED9F4AD-D4B5-4F79-973E-CBDC055FD80A}"
EndProject
Project("{8BC9CEB8-8B4A-11D0-8D11-00A0C91BC942}") = "ut", "ut\ut.vcxproj", "{FC586A6C-7C2D-4954-BA0C-B77774F11A7A}"
EndProject
Global
	GlobalSection(SolutionConfigurationPlatforms) = preSolution
		Debug|x64 = Debug|x64
		Debug|x86 = Debug|x86
		Release|x64 = Release|x64
		Release|x86 = Release|x86
	EndGlobalSection
	GlobalSection(ProjectConfigurationPlatforms) = postSolution
		{1ED9F4AD-D4B5-4F79-973E-CBDC055FD80A}.Debug|x64.ActiveCfg = Debug|x64
		{1ED9F4AD-D4B5-4F79-973E-CBDC055FD80A}.Debug|x64.Build.0 = Debug|x64
		{1ED9F4AD-D4B5-4F79-973E-CBDC055FD80A}.Debug|x86.ActiveCfg = Debug|Win32
		{1ED9F4AD-D4B5-4F79-973E-CBDC055FD80A}.Debug|x86.Build.0 = Debug|Win32
		{1ED9F4AD-D4B5-4F79-973E-CBDC055FD80A}.Release|x64.ActiveCfg = Release|x64
		{1ED9F4AD-D4B5-4F79-973E-CBDC055FD80A}.Release|x64.Build.0 = Release|x64
		{1ED9F4AD-D4B5-4F79-973E-CBDC055FD80A}.Release|x86.ActiveCfg = Release|Win32
		{1ED9F4AD-D4B5-4F79-973E-CBDC055FD80A}.Release|x86.Build.0 = Release|Win32
		{FC586A6C-7C2D-4954-BA0C-B77774F11A7A}.Debug|x64.ActiveCfg = Debug|x64
		{FC586A6C-7C2D-4954-BA0C-B77774F11A7A}.Debug|x64.Build.0 = Debug|x64
		{FC586A6C-7C2D-4954-BA0C-B77774F11A7A}.Debug|x86.ActiveCfg = Debug|Win32
		{FC586A6C-7C2D-4954-BA0C-B77774F11A7A}.Debug|x86.Build.0 = Debug|Win32
		{FC586A6C-7C2D-4954-BA0C-B77774F11A7A}.Release|x64.ActiveCfg = Release|x64
		{FC586A6C-7C2D-4954-BA0C-B77774F11A7A}.Release|x64.Build.0 = Release|x64
		{FC586A6C-7C2D-4954-BA0C-B77774F11A7A}.Release|x86.ActiveCfg = Release|Win32
		{FC586A6C-7C2D-4954-BA0C-B77774F11A7A}.Release|x86.Build.0 = Release|Win32
	EndGlobalSection
	GlobalSection(SolutionProperties) = preSolution
		HideSolutionNode = FALSE
	EndGlobalSection
	GlobalSection(ExtensibilityGlobals) = postSolution
		SolutionGuid = {E4464CE3-887C-40CE-A338-38A19132D83A}
	EndGlobalSection
EndGlobal
